
Microsoft Visual Studio Solution File, Format Version 12.00
# Visual Studio Version 17
VisualStudioVersion = 17.9.34607.119
MinimumVisualStudioVersion = 10.0.40219.1
Project("{FAE04EC0-301F-11D3-BF4B-00C04F79EFBC}") = "MetricsToRedisCore", "MetricsToRedisCore.csproj", "{0B153CD9-4110-47C4-A38B-8B44A6F60797}"
EndProject
Global
	GlobalSection(SolutionConfigurationPlatforms) = preSolution
		Debug|Any CPU = Debug|Any CPU
		Release|Any CPU = Release|Any CPU
	EndGlobalSection
	GlobalSection(ProjectConfigurationPlatforms) = postSolution
		{0B153CD9-4110-47C4-A38B-8B44A6F60797}.Debug|Any CPU.ActiveCfg = Debug|Any CPU
		{0B153CD9-4110-47C4-A38B-8B44A6F60797}.Debug|Any CPU.Build.0 = Debug|Any CPU
		{0B153CD9-4110-47C4-A38B-8B44A6F60797}.Release|Any CPU.ActiveCfg = Release|Any CPU
		{0B153CD9-4110-47C4-A38B-8B44A6F60797}.Release|Any CPU.Build.0 = Release|Any CPU
	EndGlobalSection
	GlobalSection(SolutionProperties) = preSolution
		HideSolutionNode = FALSE
	EndGlobalSection
	GlobalSection(ExtensibilityGlobals) = postSolution
		SolutionGuid = {BC806D77-9DE4-4AE5-BE4B-B450CB883F00}
	EndGlobalSection
EndGlobal
